
Microsoft Visual Studio Solution File, Format Version 12.00
# Visual Studio Version 16
VisualStudioVersion = 16.0.30320.27
MinimumVisualStudioVersion = 10.0.40219.1
Project("{FAE04EC0-301F-11D3-BF4B-00C04F79EFBC}") = "ShopCart", "ShopCart.csproj", "{696C1D35-58E2-40F5-B785-79E961FCC358}"
EndProject
Global
	GlobalSection(SolutionConfigurationPlatforms) = preSolution
		Debug|Any CPU = Debug|Any CPU
		Release|Any CPU = Release|Any CPU
	EndGlobalSection
	GlobalSection(ProjectConfigurationPlatforms) = postSolution
		{696C1D35-58E2-40F5-B785-79E961FCC358}.Debug|Any CPU.ActiveCfg = Debug|Any CPU
		{696C1D35-58E2-40F5-B785-79E961FCC358}.Debug|Any CPU.Build.0 = Debug|Any CPU
		{696C1D35-58E2-40F5-B785-79E961FCC358}.Release|Any CPU.ActiveCfg = Release|Any CPU
		{696C1D35-58E2-40F5-B785-79E961FCC358}.Release|Any CPU.Build.0 = Release|Any CPU
	EndGlobalSection
	GlobalSection(SolutionProperties) = preSolution
		HideSolutionNode = FALSE
	EndGlobalSection
	GlobalSection(ExtensibilityGlobals) = postSolution
		SolutionGuid = {2113D0DD-E792-455F-99FE-2993DF3DF379}
	EndGlobalSection
EndGlobal
